{
  "requires": true,
  "lockfileVersion": 1,
  "dependencies": {
    "classnames": {
      "version": "2.2.6",
      "resolved": "https://registry.npmjs.org/classnames/-/classnames-2.2.6.tgz",
      "integrity": "sha512-JR/iSQOSt+LQIWwrwEzJ9uk0xfN3mTVYMwt1Ir5mUcSN6pU+V4zQFFaJsclJbPuAUQH+yfWef6tm7l1quW3C8Q=="
    },
    "react-table": {
      "version": "6.9.2",
      "resolved": "https://registry.npmjs.org/react-table/-/react-table-6.9.2.tgz",
      "integrity": "sha512-sTbNHU8Um0xRtmCd1js873HXnXaMWeBwZoiljuj0l1d44eaqjKyYPK/3HCBbJg1yeE2O5pQJ3Km0tlm9niNL9w==",
      "requires": {
        "classnames": "^2.2.5"
      }
    }
  }
}
